<?xml version="1.0" encoding="utf-8"?>
<Project ToolsVersion="4.0" xmlns="http://schemas.microsoft.com/developer/msbuild/2003">
  <ItemGroup>
    <Filter Include="Исходные файлы">
      <UniqueIdentifier>{4FC737F1-C7A5-4376-A066-2A32D752A2FF}</UniqueIdentifier>
      <Extensions>cpp;c;cc;cxx;c++;cppm;ixx;def;odl;idl;hpj;bat;asm;asmx</Extensions>
    </Filter>
    <Filter Include="Файлы заголовков">
      <UniqueIdentifier>{93995380-89BD-4b04-88EB-625FBE52EBFB}</UniqueIdentifier>
      <Extensions>h;hh;hpp;hxx;h++;hm;inl;inc;ipp;xsd</Extensions>
    </Filter>
    <Filter Include="Файлы ресурсов">
      <UniqueIdentifier>{67DA6AB6-F800-4c08-8B7A-83BB121AAD01}</UniqueIdentifier>
      <Extensions>rc;ico;cur;bmp;dlg;rc2;rct;bin;rgs;gif;jpg;jpeg;jpe;resx;tiff;tif;png;wav;mfcribbon-ms</Extensions>
    </Filter>
    <Filter Include="Файлы заголовков\components">
      <UniqueIdentifier>{fb2113c4-c69b-4d63-8a6f-56fbeb21e6a1}</UniqueIdentifier>
    </Filter>
    <Filter Include="Файлы заголовков\components\comps">
      <UniqueIdentifier>{46ba9f3c-c861-4678-9fa0-b587a2e77eac}</UniqueIdentifier>
    </Filter>
    <Filter Include="Файлы заголовков\components\draw">
      <UniqueIdentifier>{ea16f1f0-30e5-4107-89e9-9b5de4804a95}</UniqueIdentifier>
    </Filter>
    <Filter Include="Файлы заголовков\scence">
      <UniqueIdentifier>{63f33069-76b4-4f7a-a376-bfe35a29556b}</UniqueIdentifier>
    </Filter>
  </ItemGroup>
  <ItemGroup>
    <None Include="packages.config" />
  </ItemGroup>
  <ItemGroup>
    <ClCompile Include="исходные файлы\main.cpp">
      <Filter>Исходные файлы</Filter>
    </ClCompile>
    <ClCompile Include="исходные файлы\map.cpp">
      <Filter>Исходные файлы</Filter>
    </ClCompile>
    <ClCompile Include="исходные файлы\Game.cpp">
      <Filter>Исходные файлы</Filter>
    </ClCompile>
    <ClCompile Include="исходные файлы\scence.cpp">
      <Filter>Исходные файлы</Filter>
    </ClCompile>
  </ItemGroup>
  <ItemGroup>
    <ClInclude Include="файлы заголовков\Component.h">
      <Filter>Файлы заголовков</Filter>
    </ClInclude>
    <ClInclude Include="файлы заголовков\ComponentStorage.h">
      <Filter>Файлы заголовков</Filter>
    </ClInclude>
    <ClInclude Include="файлы заголовков\Entity.h">
      <Filter>Файлы заголовков</Filter>
    </ClInclude>
    <ClInclude Include="файлы заголовков\Game.h">
      <Filter>Файлы заголовков</Filter>
    </ClInclude>
    <ClInclude Include="файлы заголовков\map.h">
      <Filter>Файлы заголовков</Filter>
    </ClInclude>
    <ClInclude Include="файлы заголовков\setter.h">
      <Filter>Файлы заголовков</Filter>
    </ClInclude>
    <ClInclude Include="файлы заголовков\wall_types.h">
      <Filter>Файлы заголовков</Filter>
    </ClInclude>
    <ClInclude Include="файлы заголовков\WallTypesStorage.h">
      <Filter>Файлы заголовков</Filter>
    </ClInclude>
    <ClInclude Include="файлы заголовков\components\another_components\AnimationComponent.h">
      <Filter>Файлы заголовков\components\comps</Filter>
    </ClInclude>
    <ClInclude Include="файлы заголовков\components\another_components\BPhusComponent.h">
      <Filter>Файлы заголовков\components\comps</Filter>
    </ClInclude>
    <ClInclude Include="файлы заголовков\components\another_components\Colissions.h">
      <Filter>Файлы заголовков\components\comps</Filter>
    </ClInclude>
    <ClInclude Include="файлы заголовков\components\another_components\ColissionsComponent.h">
      <Filter>Файлы заголовков\components\comps</Filter>
    </ClInclude>
    <ClInclude Include="файлы заголовков\components\another_components\MoveComponent.h">
      <Filter>Файлы заголовков\components\comps</Filter>
    </ClInclude>
    <ClInclude Include="файлы заголовков\components\draw_components\DrawComponent.h">
      <Filter>Файлы заголовков\components\draw</Filter>
    </ClInclude>
    <ClInclude Include="файлы заголовков\components\draw_components\ShapeComponent.h">
      <Filter>Файлы заголовков\components\draw</Filter>
    </ClInclude>
    <ClInclude Include="файлы заголовков\components\draw_components\TextureComponent.h">
      <Filter>Файлы заголовков\components\draw</Filter>
    </ClInclude>
    <ClInclude Include="файлы заголовков\components\draw_components\VertexComponent.h">
      <Filter>Файлы заголовков\components\draw</Filter>
    </ClInclude>
    <ClInclude Include="файлы заголовков\scence\scence.h">
      <Filter>Файлы заголовков\scence</Filter>
    </ClInclude>
    <ClInclude Include="файлы заголовков\scence\Camera.h">
      <Filter>Файлы заголовков\scence</Filter>
    </ClInclude>
    <ClInclude Include="файлы заголовков\components\another_components\Soul.h">
      <Filter>Файлы заголовков\components\comps</Filter>
    </ClInclude>
  </ItemGroup>
</Project>